
Microsoft Visual Studio Solution File, Format Version 11.00
# Visual Studio 2010
Project("{FAE04EC0-301F-11D3-BF4B-00C04F79EFBC}") = "Sword Guy Runner Dude V2", "Assembly-CSharp.csproj", "{CC1E1414-5F99-A608-95D2-54968D69AE7A}"
EndProject
Global
	GlobalSection(SolutionConfigurationPlatforms) = preSolution
		Debug|Any CPU = Debug|Any CPU
		Release|Any CPU = Release|Any CPU
	EndGlobalSection
	GlobalSection(ProjectConfigurationPlatforms) = postSolution
		{CC1E1414-5F99-A608-95D2-54968D69AE7A}.Debug|Any CPU.ActiveCfg = Debug|Any CPU
		{CC1E1414-5F99-A608-95D2-54968D69AE7A}.Debug|Any CPU.Build.0 = Debug|Any CPU
		{CC1E1414-5F99-A608-95D2-54968D69AE7A}.Release|Any CPU.ActiveCfg = Release|Any CPU
		{CC1E1414-5F99-A608-95D2-54968D69AE7A}.Release|Any CPU.Build.0 = Release|Any CPU
	EndGlobalSection
	GlobalSection(SolutionProperties) = preSolution
		HideSolutionNode = FALSE
	EndGlobalSection
	GlobalSection(MonoDevelopProperties) = preSolution
		StartupItem = Assembly-CSharp.csproj
	EndGlobalSection
EndGlobal
